
Microsoft Visual Studio Solution File, Format Version 12.00
# Visual Studio 14
VisualStudioVersion = 14.0.25420.1
MinimumVisualStudioVersion = 10.0.40219.1
Project("{FAE04EC0-301F-11D3-BF4B-00C04F79EFBC}") = "ModelAndDbGeneration", "ModelAndDbGeneration\ModelAndDbGeneration.csproj", "{2355EB3F-8CC2-4522-84D6-BBD0381589FB}"
EndProject
Project("{FAE04EC0-301F-11D3-BF4B-00C04F79EFBC}") = "DbConnection", "DbConnection\DbConnection.csproj", "{55B20CC3-CEC7-4026-8C4C-45FEE7FC0844}"
EndProject
Global
	GlobalSection(SolutionConfigurationPlatforms) = preSolution
		Debug|Any CPU = Debug|Any CPU
		Release|Any CPU = Release|Any CPU
	EndGlobalSection
	GlobalSection(ProjectConfigurationPlatforms) = postSolution
		{2355EB3F-8CC2-4522-84D6-BBD0381589FB}.Debug|Any CPU.ActiveCfg = Debug|Any CPU
		{2355EB3F-8CC2-4522-84D6-BBD0381589FB}.Debug|Any CPU.Build.0 = Debug|Any CPU
		{2355EB3F-8CC2-4522-84D6-BBD0381589FB}.Release|Any CPU.ActiveCfg = Release|Any CPU
		{2355EB3F-8CC2-4522-84D6-BBD0381589FB}.Release|Any CPU.Build.0 = Release|Any CPU
		{55B20CC3-CEC7-4026-8C4C-45FEE7FC0844}.Debug|Any CPU.ActiveCfg = Debug|Any CPU
		{55B20CC3-CEC7-4026-8C4C-45FEE7FC0844}.Debug|Any CPU.Build.0 = Debug|Any CPU
		{55B20CC3-CEC7-4026-8C4C-45FEE7FC0844}.Release|Any CPU.ActiveCfg = Release|Any CPU
		{55B20CC3-CEC7-4026-8C4C-45FEE7FC0844}.Release|Any CPU.Build.0 = Release|Any CPU
	EndGlobalSection
	GlobalSection(SolutionProperties) = preSolution
		HideSolutionNode = FALSE
	EndGlobalSection
EndGlobal
